
Microsoft Visual Studio Solution File, Format Version 12.00
# Visual Studio 2013
VisualStudioVersion = 12.0.40629.0
MinimumVisualStudioVersion = 10.0.40219.1
Project("{8BC9CEB8-8B4A-11D0-8D11-00A0C91BC942}") = "test_write", "test_write\test_write.vcxproj", "{BE257FD9-DABD-4001-B398-16DE294FBEDD}"
EndProject
Project("{8BC9CEB8-8B4A-11D0-8D11-00A0C91BC942}") = "test_read", "test_read\test_read.vcxproj", "{A68416D0-A2D7-4439-8FD4-DD6A3D294497}"
EndProject
Global
	GlobalSection(SolutionConfigurationPlatforms) = preSolution
		Debug|Win32 = Debug|Win32
		Release|Win32 = Release|Win32
	EndGlobalSection
	GlobalSection(ProjectConfigurationPlatforms) = postSolution
		{BE257FD9-DABD-4001-B398-16DE294FBEDD}.Debug|Win32.ActiveCfg = Debug|Win32
		{BE257FD9-DABD-4001-B398-16DE294FBEDD}.Debug|Win32.Build.0 = Debug|Win32
		{BE257FD9-DABD-4001-B398-16DE294FBEDD}.Release|Win32.ActiveCfg = Release|Win32
		{BE257FD9-DABD-4001-B398-16DE294FBEDD}.Release|Win32.Build.0 = Release|Win32
		{A68416D0-A2D7-4439-8FD4-DD6A3D294497}.Debug|Win32.ActiveCfg = Debug|Win32
		{A68416D0-A2D7-4439-8FD4-DD6A3D294497}.Debug|Win32.Build.0 = Debug|Win32
		{A68416D0-A2D7-4439-8FD4-DD6A3D294497}.Release|Win32.ActiveCfg = Release|Win32
		{A68416D0-A2D7-4439-8FD4-DD6A3D294497}.Release|Win32.Build.0 = Release|Win32
	EndGlobalSection
	GlobalSection(SolutionProperties) = preSolution
		HideSolutionNode = FALSE
	EndGlobalSection
EndGlobal
