
Microsoft Visual Studio Solution File, Format Version 12.00
# Visual Studio 14
VisualStudioVersion = 14.0.23107.0
MinimumVisualStudioVersion = 10.0.40219.1
Project("{8BC9CEB8-8B4A-11D0-8D11-00A0C91BC942}") = "spy", "spy\spy.vcxproj", "{9126C561-B734-4D0B-98CA-F400A63D44D7}"
EndProject
Project("{8BC9CEB8-8B4A-11D0-8D11-00A0C91BC942}") = "MessageBoxW", "MessageBoxW\MessageBoxW.vcxproj", "{76DFEF1F-B1B8-4567-87DC-7EA9C88D6EED}"
EndProject
Project("{8BC9CEB8-8B4A-11D0-8D11-00A0C91BC942}") = "hook", "hook\hook.vcxproj", "{C27FBC40-D1FF-4929-80A9-1D82BD9F4BB1}"
EndProject
Project("{8BC9CEB8-8B4A-11D0-8D11-00A0C91BC942}") = "APIHookDemo", "APIHookDemo\APIHookDemo.vcxproj", "{50862292-2929-4A72-82F2-1C21E9DBAD8B}"
EndProject
Global
	GlobalSection(SolutionConfigurationPlatforms) = preSolution
		Debug|x64 = Debug|x64
		Debug|x86 = Debug|x86
		Release|x64 = Release|x64
		Release|x86 = Release|x86
	EndGlobalSection
	GlobalSection(ProjectConfigurationPlatforms) = postSolution
		{9126C561-B734-4D0B-98CA-F400A63D44D7}.Debug|x64.ActiveCfg = Debug|x64
		{9126C561-B734-4D0B-98CA-F400A63D44D7}.Debug|x64.Build.0 = Debug|x64
		{9126C561-B734-4D0B-98CA-F400A63D44D7}.Debug|x86.ActiveCfg = Debug|Win32
		{9126C561-B734-4D0B-98CA-F400A63D44D7}.Debug|x86.Build.0 = Debug|Win32
		{9126C561-B734-4D0B-98CA-F400A63D44D7}.Release|x64.ActiveCfg = Release|x64
		{9126C561-B734-4D0B-98CA-F400A63D44D7}.Release|x64.Build.0 = Release|x64
		{9126C561-B734-4D0B-98CA-F400A63D44D7}.Release|x86.ActiveCfg = Release|Win32
		{9126C561-B734-4D0B-98CA-F400A63D44D7}.Release|x86.Build.0 = Release|Win32
		{76DFEF1F-B1B8-4567-87DC-7EA9C88D6EED}.Debug|x64.ActiveCfg = Debug|x64
		{76DFEF1F-B1B8-4567-87DC-7EA9C88D6EED}.Debug|x64.Build.0 = Debug|x64
		{76DFEF1F-B1B8-4567-87DC-7EA9C88D6EED}.Debug|x86.ActiveCfg = Debug|Win32
		{76DFEF1F-B1B8-4567-87DC-7EA9C88D6EED}.Debug|x86.Build.0 = Debug|Win32
		{76DFEF1F-B1B8-4567-87DC-7EA9C88D6EED}.Release|x64.ActiveCfg = Release|x64
		{76DFEF1F-B1B8-4567-87DC-7EA9C88D6EED}.Release|x64.Build.0 = Release|x64
		{76DFEF1F-B1B8-4567-87DC-7EA9C88D6EED}.Release|x86.ActiveCfg = Release|Win32
		{76DFEF1F-B1B8-4567-87DC-7EA9C88D6EED}.Release|x86.Build.0 = Release|Win32
		{C27FBC40-D1FF-4929-80A9-1D82BD9F4BB1}.Debug|x64.ActiveCfg = Debug|x64
		{C27FBC40-D1FF-4929-80A9-1D82BD9F4BB1}.Debug|x64.Build.0 = Debug|x64
		{C27FBC40-D1FF-4929-80A9-1D82BD9F4BB1}.Debug|x86.ActiveCfg = Debug|Win32
		{C27FBC40-D1FF-4929-80A9-1D82BD9F4BB1}.Debug|x86.Build.0 = Debug|Win32
		{C27FBC40-D1FF-4929-80A9-1D82BD9F4BB1}.Release|x64.ActiveCfg = Release|x64
		{C27FBC40-D1FF-4929-80A9-1D82BD9F4BB1}.Release|x64.Build.0 = Release|x64
		{C27FBC40-D1FF-4929-80A9-1D82BD9F4BB1}.Release|x86.ActiveCfg = Release|Win32
		{C27FBC40-D1FF-4929-80A9-1D82BD9F4BB1}.Release|x86.Build.0 = Release|Win32
		{50862292-2929-4A72-82F2-1C21E9DBAD8B}.Debug|x64.ActiveCfg = Debug|x64
		{50862292-2929-4A72-82F2-1C21E9DBAD8B}.Debug|x64.Build.0 = Debug|x64
		{50862292-2929-4A72-82F2-1C21E9DBAD8B}.Debug|x86.ActiveCfg = Debug|Win32
		{50862292-2929-4A72-82F2-1C21E9DBAD8B}.Debug|x86.Build.0 = Debug|Win32
		{50862292-2929-4A72-82F2-1C21E9DBAD8B}.Release|x64.ActiveCfg = Release|x64
		{50862292-2929-4A72-82F2-1C21E9DBAD8B}.Release|x64.Build.0 = Release|x64
		{50862292-2929-4A72-82F2-1C21E9DBAD8B}.Release|x86.ActiveCfg = Release|Win32
		{50862292-2929-4A72-82F2-1C21E9DBAD8B}.Release|x86.Build.0 = Release|Win32
	EndGlobalSection
	GlobalSection(SolutionProperties) = preSolution
		HideSolutionNode = FALSE
	EndGlobalSection
EndGlobal
