
Microsoft Visual Studio Solution File, Format Version 12.00
# Visual Studio 2013
VisualStudioVersion = 12.0.40629.0
MinimumVisualStudioVersion = 10.0.40219.1
Project("{8BC9CEB8-8B4A-11D0-8D11-00A0C91BC942}") = "DLLInjection2", "DLLInjection2\DLLInjection2.vcxproj", "{41425E4F-E5B9-4E08-90B1-F358AA95F41B}"
EndProject
Project("{8BC9CEB8-8B4A-11D0-8D11-00A0C91BC942}") = "testApp", "testApp\testApp.vcxproj", "{EB677F14-2366-4068-A69B-18C49B4578F0}"
EndProject
Project("{8BC9CEB8-8B4A-11D0-8D11-00A0C91BC942}") = "testdll", "testdll\testdll.vcxproj", "{DA066F8D-2629-4BCB-A6DC-BB5E900179C9}"
EndProject
Global
	GlobalSection(SolutionConfigurationPlatforms) = preSolution
		Debug|Win32 = Debug|Win32
		Release|Win32 = Release|Win32
	EndGlobalSection
	GlobalSection(ProjectConfigurationPlatforms) = postSolution
		{41425E4F-E5B9-4E08-90B1-F358AA95F41B}.Debug|Win32.ActiveCfg = Debug|Win32
		{41425E4F-E5B9-4E08-90B1-F358AA95F41B}.Debug|Win32.Build.0 = Debug|Win32
		{41425E4F-E5B9-4E08-90B1-F358AA95F41B}.Release|Win32.ActiveCfg = Release|Win32
		{41425E4F-E5B9-4E08-90B1-F358AA95F41B}.Release|Win32.Build.0 = Release|Win32
		{EB677F14-2366-4068-A69B-18C49B4578F0}.Debug|Win32.ActiveCfg = Debug|Win32
		{EB677F14-2366-4068-A69B-18C49B4578F0}.Debug|Win32.Build.0 = Debug|Win32
		{EB677F14-2366-4068-A69B-18C49B4578F0}.Release|Win32.ActiveCfg = Release|Win32
		{EB677F14-2366-4068-A69B-18C49B4578F0}.Release|Win32.Build.0 = Release|Win32
		{DA066F8D-2629-4BCB-A6DC-BB5E900179C9}.Debug|Win32.ActiveCfg = Debug|Win32
		{DA066F8D-2629-4BCB-A6DC-BB5E900179C9}.Debug|Win32.Build.0 = Debug|Win32
		{DA066F8D-2629-4BCB-A6DC-BB5E900179C9}.Release|Win32.ActiveCfg = Release|Win32
		{DA066F8D-2629-4BCB-A6DC-BB5E900179C9}.Release|Win32.Build.0 = Release|Win32
	EndGlobalSection
	GlobalSection(SolutionProperties) = preSolution
		HideSolutionNode = FALSE
	EndGlobalSection
EndGlobal
