
Microsoft Visual Studio Solution File, Format Version 12.00
# Visual Studio 14
VisualStudioVersion = 14.0.23107.0
MinimumVisualStudioVersion = 10.0.40219.1
Project("{8BC9CEB8-8B4A-11D0-8D11-00A0C91BC942}") = "PELoader", "PELoader\PELoader.vcxproj", "{BAEB456F-8CA3-4FE0-BBC0-9E4F63D0B767}"
EndProject
Project("{8BC9CEB8-8B4A-11D0-8D11-00A0C91BC942}") = "test", "test\test.vcxproj", "{0B9870E6-F9F0-4CB1-9411-7DC9506F2D73}"
EndProject
Global
	GlobalSection(SolutionConfigurationPlatforms) = preSolution
		Debug|x64 = Debug|x64
		Debug|x86 = Debug|x86
		Release|x64 = Release|x64
		Release|x86 = Release|x86
	EndGlobalSection
	GlobalSection(ProjectConfigurationPlatforms) = postSolution
		{BAEB456F-8CA3-4FE0-BBC0-9E4F63D0B767}.Debug|x64.ActiveCfg = Debug|x64
		{BAEB456F-8CA3-4FE0-BBC0-9E4F63D0B767}.Debug|x64.Build.0 = Debug|x64
		{BAEB456F-8CA3-4FE0-BBC0-9E4F63D0B767}.Debug|x86.ActiveCfg = Debug|Win32
		{BAEB456F-8CA3-4FE0-BBC0-9E4F63D0B767}.Debug|x86.Build.0 = Debug|Win32
		{BAEB456F-8CA3-4FE0-BBC0-9E4F63D0B767}.Release|x64.ActiveCfg = Release|x64
		{BAEB456F-8CA3-4FE0-BBC0-9E4F63D0B767}.Release|x64.Build.0 = Release|x64
		{BAEB456F-8CA3-4FE0-BBC0-9E4F63D0B767}.Release|x86.ActiveCfg = Release|Win32
		{BAEB456F-8CA3-4FE0-BBC0-9E4F63D0B767}.Release|x86.Build.0 = Release|Win32
		{0B9870E6-F9F0-4CB1-9411-7DC9506F2D73}.Debug|x64.ActiveCfg = Debug|x64
		{0B9870E6-F9F0-4CB1-9411-7DC9506F2D73}.Debug|x64.Build.0 = Debug|x64
		{0B9870E6-F9F0-4CB1-9411-7DC9506F2D73}.Debug|x86.ActiveCfg = Debug|Win32
		{0B9870E6-F9F0-4CB1-9411-7DC9506F2D73}.Debug|x86.Build.0 = Debug|Win32
		{0B9870E6-F9F0-4CB1-9411-7DC9506F2D73}.Release|x64.ActiveCfg = Release|x64
		{0B9870E6-F9F0-4CB1-9411-7DC9506F2D73}.Release|x64.Build.0 = Release|x64
		{0B9870E6-F9F0-4CB1-9411-7DC9506F2D73}.Release|x86.ActiveCfg = Release|Win32
		{0B9870E6-F9F0-4CB1-9411-7DC9506F2D73}.Release|x86.Build.0 = Release|Win32
	EndGlobalSection
	GlobalSection(SolutionProperties) = preSolution
		HideSolutionNode = FALSE
	EndGlobalSection
EndGlobal
