
Microsoft Visual Studio Solution File, Format Version 12.00
# Visual Studio 2013
VisualStudioVersion = 12.0.40629.0
MinimumVisualStudioVersion = 10.0.40219.1
Project("{8BC9CEB8-8B4A-11D0-8D11-00A0C91BC942}") = "MemAllocTest", "MemAllocTest\MemAllocTest.vcxproj", "{EA2698CE-FF20-4100-BA24-4BBB1E2657E3}"
EndProject
Project("{8BC9CEB8-8B4A-11D0-8D11-00A0C91BC942}") = "MemAllocTest Package", "MemAllocTest Package\MemAllocTest Package.vcxproj", "{57A6BA93-A16A-4440-BFA0-2DD95D3EBBA7}"
	ProjectSection(ProjectDependencies) = postProject
		{EA2698CE-FF20-4100-BA24-4BBB1E2657E3} = {EA2698CE-FF20-4100-BA24-4BBB1E2657E3}
	EndProjectSection
EndProject
Global
	GlobalSection(SolutionConfigurationPlatforms) = preSolution
		Win7 Debug|Win32 = Win7 Debug|Win32
		Win7 Debug|x64 = Win7 Debug|x64
		Win7 Release|Win32 = Win7 Release|Win32
		Win7 Release|x64 = Win7 Release|x64
		Win8 Debug|Win32 = Win8 Debug|Win32
		Win8 Debug|x64 = Win8 Debug|x64
		Win8 Release|Win32 = Win8 Release|Win32
		Win8 Release|x64 = Win8 Release|x64
		Win8.1 Debug|Win32 = Win8.1 Debug|Win32
		Win8.1 Debug|x64 = Win8.1 Debug|x64
		Win8.1 Release|Win32 = Win8.1 Release|Win32
		Win8.1 Release|x64 = Win8.1 Release|x64
	EndGlobalSection
	GlobalSection(ProjectConfigurationPlatforms) = postSolution
		{EA2698CE-FF20-4100-BA24-4BBB1E2657E3}.Win7 Debug|Win32.ActiveCfg = Win7 Debug|Win32
		{EA2698CE-FF20-4100-BA24-4BBB1E2657E3}.Win7 Debug|Win32.Build.0 = Win7 Debug|Win32
		{EA2698CE-FF20-4100-BA24-4BBB1E2657E3}.Win7 Debug|Win32.Deploy.0 = Win7 Debug|Win32
		{EA2698CE-FF20-4100-BA24-4BBB1E2657E3}.Win7 Debug|x64.ActiveCfg = Win7 Debug|x64
		{EA2698CE-FF20-4100-BA24-4BBB1E2657E3}.Win7 Debug|x64.Build.0 = Win7 Debug|x64
		{EA2698CE-FF20-4100-BA24-4BBB1E2657E3}.Win7 Debug|x64.Deploy.0 = Win7 Debug|x64
		{EA2698CE-FF20-4100-BA24-4BBB1E2657E3}.Win7 Release|Win32.ActiveCfg = Win7 Release|Win32
		{EA2698CE-FF20-4100-BA24-4BBB1E2657E3}.Win7 Release|Win32.Build.0 = Win7 Release|Win32
		{EA2698CE-FF20-4100-BA24-4BBB1E2657E3}.Win7 Release|Win32.Deploy.0 = Win7 Release|Win32
		{EA2698CE-FF20-4100-BA24-4BBB1E2657E3}.Win7 Release|x64.ActiveCfg = Win7 Release|x64
		{EA2698CE-FF20-4100-BA24-4BBB1E2657E3}.Win7 Release|x64.Build.0 = Win7 Release|x64
		{EA2698CE-FF20-4100-BA24-4BBB1E2657E3}.Win7 Release|x64.Deploy.0 = Win7 Release|x64
		{EA2698CE-FF20-4100-BA24-4BBB1E2657E3}.Win8 Debug|Win32.ActiveCfg = Win8 Debug|Win32
		{EA2698CE-FF20-4100-BA24-4BBB1E2657E3}.Win8 Debug|Win32.Build.0 = Win8 Debug|Win32
		{EA2698CE-FF20-4100-BA24-4BBB1E2657E3}.Win8 Debug|Win32.Deploy.0 = Win8 Debug|Win32
		{EA2698CE-FF20-4100-BA24-4BBB1E2657E3}.Win8 Debug|x64.ActiveCfg = Win8 Debug|x64
		{EA2698CE-FF20-4100-BA24-4BBB1E2657E3}.Win8 Debug|x64.Build.0 = Win8 Debug|x64
		{EA2698CE-FF20-4100-BA24-4BBB1E2657E3}.Win8 Debug|x64.Deploy.0 = Win8 Debug|x64
		{EA2698CE-FF20-4100-BA24-4BBB1E2657E3}.Win8 Release|Win32.ActiveCfg = Win8 Release|Win32
		{EA2698CE-FF20-4100-BA24-4BBB1E2657E3}.Win8 Release|Win32.Build.0 = Win8 Release|Win32
		{EA2698CE-FF20-4100-BA24-4BBB1E2657E3}.Win8 Release|Win32.Deploy.0 = Win8 Release|Win32
		{EA2698CE-FF20-4100-BA24-4BBB1E2657E3}.Win8 Release|x64.ActiveCfg = Win8 Release|x64
		{EA2698CE-FF20-4100-BA24-4BBB1E2657E3}.Win8 Release|x64.Build.0 = Win8 Release|x64
		{EA2698CE-FF20-4100-BA24-4BBB1E2657E3}.Win8 Release|x64.Deploy.0 = Win8 Release|x64
		{EA2698CE-FF20-4100-BA24-4BBB1E2657E3}.Win8.1 Debug|Win32.ActiveCfg = Win8.1 Debug|Win32
		{EA2698CE-FF20-4100-BA24-4BBB1E2657E3}.Win8.1 Debug|Win32.Build.0 = Win8.1 Debug|Win32
		{EA2698CE-FF20-4100-BA24-4BBB1E2657E3}.Win8.1 Debug|Win32.Deploy.0 = Win8.1 Debug|Win32
		{EA2698CE-FF20-4100-BA24-4BBB1E2657E3}.Win8.1 Debug|x64.ActiveCfg = Win8.1 Debug|x64
		{EA2698CE-FF20-4100-BA24-4BBB1E2657E3}.Win8.1 Debug|x64.Build.0 = Win8.1 Debug|x64
		{EA2698CE-FF20-4100-BA24-4BBB1E2657E3}.Win8.1 Debug|x64.Deploy.0 = Win8.1 Debug|x64
		{EA2698CE-FF20-4100-BA24-4BBB1E2657E3}.Win8.1 Release|Win32.ActiveCfg = Win8.1 Release|Win32
		{EA2698CE-FF20-4100-BA24-4BBB1E2657E3}.Win8.1 Release|Win32.Build.0 = Win8.1 Release|Win32
		{EA2698CE-FF20-4100-BA24-4BBB1E2657E3}.Win8.1 Release|Win32.Deploy.0 = Win8.1 Release|Win32
		{EA2698CE-FF20-4100-BA24-4BBB1E2657E3}.Win8.1 Release|x64.ActiveCfg = Win8.1 Release|x64
		{EA2698CE-FF20-4100-BA24-4BBB1E2657E3}.Win8.1 Release|x64.Build.0 = Win8.1 Release|x64
		{EA2698CE-FF20-4100-BA24-4BBB1E2657E3}.Win8.1 Release|x64.Deploy.0 = Win8.1 Release|x64
		{57A6BA93-A16A-4440-BFA0-2DD95D3EBBA7}.Win7 Debug|Win32.ActiveCfg = Win7 Debug|Win32
		{57A6BA93-A16A-4440-BFA0-2DD95D3EBBA7}.Win7 Debug|Win32.Build.0 = Win7 Debug|Win32
		{57A6BA93-A16A-4440-BFA0-2DD95D3EBBA7}.Win7 Debug|Win32.Deploy.0 = Win7 Debug|Win32
		{57A6BA93-A16A-4440-BFA0-2DD95D3EBBA7}.Win7 Debug|x64.ActiveCfg = Win7 Debug|x64
		{57A6BA93-A16A-4440-BFA0-2DD95D3EBBA7}.Win7 Debug|x64.Build.0 = Win7 Debug|x64
		{57A6BA93-A16A-4440-BFA0-2DD95D3EBBA7}.Win7 Debug|x64.Deploy.0 = Win7 Debug|x64
		{57A6BA93-A16A-4440-BFA0-2DD95D3EBBA7}.Win7 Release|Win32.ActiveCfg = Win7 Release|Win32
		{57A6BA93-A16A-4440-BFA0-2DD95D3EBBA7}.Win7 Release|Win32.Build.0 = Win7 Release|Win32
		{57A6BA93-A16A-4440-BFA0-2DD95D3EBBA7}.Win7 Release|Win32.Deploy.0 = Win7 Release|Win32
		{57A6BA93-A16A-4440-BFA0-2DD95D3EBBA7}.Win7 Release|x64.ActiveCfg = Win7 Release|x64
		{57A6BA93-A16A-4440-BFA0-2DD95D3EBBA7}.Win7 Release|x64.Build.0 = Win7 Release|x64
		{57A6BA93-A16A-4440-BFA0-2DD95D3EBBA7}.Win7 Release|x64.Deploy.0 = Win7 Release|x64
		{57A6BA93-A16A-4440-BFA0-2DD95D3EBBA7}.Win8 Debug|Win32.ActiveCfg = Win8 Debug|Win32
		{57A6BA93-A16A-4440-BFA0-2DD95D3EBBA7}.Win8 Debug|Win32.Build.0 = Win8 Debug|Win32
		{57A6BA93-A16A-4440-BFA0-2DD95D3EBBA7}.Win8 Debug|Win32.Deploy.0 = Win8 Debug|Win32
		{57A6BA93-A16A-4440-BFA0-2DD95D3EBBA7}.Win8 Debug|x64.ActiveCfg = Win8 Debug|x64
		{57A6BA93-A16A-4440-BFA0-2DD95D3EBBA7}.Win8 Debug|x64.Build.0 = Win8 Debug|x64
		{57A6BA93-A16A-4440-BFA0-2DD95D3EBBA7}.Win8 Debug|x64.Deploy.0 = Win8 Debug|x64
		{57A6BA93-A16A-4440-BFA0-2DD95D3EBBA7}.Win8 Release|Win32.ActiveCfg = Win8 Release|Win32
		{57A6BA93-A16A-4440-BFA0-2DD95D3EBBA7}.Win8 Release|Win32.Build.0 = Win8 Release|Win32
		{57A6BA93-A16A-4440-BFA0-2DD95D3EBBA7}.Win8 Release|Win32.Deploy.0 = Win8 Release|Win32
		{57A6BA93-A16A-4440-BFA0-2DD95D3EBBA7}.Win8 Release|x64.ActiveCfg = Win8 Release|x64
		{57A6BA93-A16A-4440-BFA0-2DD95D3EBBA7}.Win8 Release|x64.Build.0 = Win8 Release|x64
		{57A6BA93-A16A-4440-BFA0-2DD95D3EBBA7}.Win8 Release|x64.Deploy.0 = Win8 Release|x64
		{57A6BA93-A16A-4440-BFA0-2DD95D3EBBA7}.Win8.1 Debug|Win32.ActiveCfg = Win8.1 Debug|Win32
		{57A6BA93-A16A-4440-BFA0-2DD95D3EBBA7}.Win8.1 Debug|Win32.Build.0 = Win8.1 Debug|Win32
		{57A6BA93-A16A-4440-BFA0-2DD95D3EBBA7}.Win8.1 Debug|Win32.Deploy.0 = Win8.1 Debug|Win32
		{57A6BA93-A16A-4440-BFA0-2DD95D3EBBA7}.Win8.1 Debug|x64.ActiveCfg = Win8.1 Debug|x64
		{57A6BA93-A16A-4440-BFA0-2DD95D3EBBA7}.Win8.1 Debug|x64.Build.0 = Win8.1 Debug|x64
		{57A6BA93-A16A-4440-BFA0-2DD95D3EBBA7}.Win8.1 Debug|x64.Deploy.0 = Win8.1 Debug|x64
		{57A6BA93-A16A-4440-BFA0-2DD95D3EBBA7}.Win8.1 Release|Win32.ActiveCfg = Win8.1 Release|Win32
		{57A6BA93-A16A-4440-BFA0-2DD95D3EBBA7}.Win8.1 Release|Win32.Build.0 = Win8.1 Release|Win32
		{57A6BA93-A16A-4440-BFA0-2DD95D3EBBA7}.Win8.1 Release|Win32.Deploy.0 = Win8.1 Release|Win32
		{57A6BA93-A16A-4440-BFA0-2DD95D3EBBA7}.Win8.1 Release|x64.ActiveCfg = Win8.1 Release|x64
		{57A6BA93-A16A-4440-BFA0-2DD95D3EBBA7}.Win8.1 Release|x64.Build.0 = Win8.1 Release|x64
		{57A6BA93-A16A-4440-BFA0-2DD95D3EBBA7}.Win8.1 Release|x64.Deploy.0 = Win8.1 Release|x64
	EndGlobalSection
	GlobalSection(SolutionProperties) = preSolution
		HideSolutionNode = FALSE
	EndGlobalSection
EndGlobal
